
Microsoft Visual Studio Solution File, Format Version 12.00
# Visual Studio 15
VisualStudioVersion = 15.0.27428.2005
MinimumVisualStudioVersion = 10.0.40219.1
Project("{FAE04EC0-301F-11D3-BF4B-00C04F79EFBC}") = "Test.PIK.WebApp", "Test.PIK.WebApp\Test.PIK.WebApp.csproj", "{5F4D378B-EB41-4104-B8C1-55D356E00A4B}"
	ProjectSection(ProjectDependencies) = postProject
		{92CA5D44-6E06-4D90-8E24-ED0ABA058A67} = {92CA5D44-6E06-4D90-8E24-ED0ABA058A67}
	EndProjectSection
EndProject
Project("{FAE04EC0-301F-11D3-BF4B-00C04F79EFBC}") = "Test.PIK.Wcf", "Test.PIK.Wcf\Test.PIK.Wcf.csproj", "{92CA5D44-6E06-4D90-8E24-ED0ABA058A67}"
EndProject
Global
	GlobalSection(SolutionConfigurationPlatforms) = preSolution
		Debug|Any CPU = Debug|Any CPU
		Release|Any CPU = Release|Any CPU
	EndGlobalSection
	GlobalSection(ProjectConfigurationPlatforms) = postSolution
		{5F4D378B-EB41-4104-B8C1-55D356E00A4B}.Debug|Any CPU.ActiveCfg = Debug|Any CPU
		{5F4D378B-EB41-4104-B8C1-55D356E00A4B}.Debug|Any CPU.Build.0 = Debug|Any CPU
		{5F4D378B-EB41-4104-B8C1-55D356E00A4B}.Release|Any CPU.ActiveCfg = Release|Any CPU
		{5F4D378B-EB41-4104-B8C1-55D356E00A4B}.Release|Any CPU.Build.0 = Release|Any CPU
		{92CA5D44-6E06-4D90-8E24-ED0ABA058A67}.Debug|Any CPU.ActiveCfg = Debug|Any CPU
		{92CA5D44-6E06-4D90-8E24-ED0ABA058A67}.Debug|Any CPU.Build.0 = Debug|Any CPU
		{92CA5D44-6E06-4D90-8E24-ED0ABA058A67}.Release|Any CPU.ActiveCfg = Release|Any CPU
		{92CA5D44-6E06-4D90-8E24-ED0ABA058A67}.Release|Any CPU.Build.0 = Release|Any CPU
	EndGlobalSection
	GlobalSection(SolutionProperties) = preSolution
		HideSolutionNode = FALSE
	EndGlobalSection
	GlobalSection(ExtensibilityGlobals) = postSolution
		SolutionGuid = {EF5A1582-18B2-4338-ABAA-0DB26D5512E3}
	EndGlobalSection
EndGlobal
